
Microsoft Visual Studio Solution File, Format Version 12.00
# Visual Studio Version 16
VisualStudioVersion = 16.0.32630.194
MinimumVisualStudioVersion = 10.0.40219.1
Project("{FAE04EC0-301F-11D3-BF4B-00C04F79EFBC}") = "semana4-POO-y controles de formularios", "semana4-POO-y controles de formularios.csproj", "{EA5A219B-88D4-4AAE-95B8-95B99532B44F}"
EndProject
Global
	GlobalSection(SolutionConfigurationPlatforms) = preSolution
		Debug|Any CPU = Debug|Any CPU
		Release|Any CPU = Release|Any CPU
	EndGlobalSection
	GlobalSection(ProjectConfigurationPlatforms) = postSolution
		{EA5A219B-88D4-4AAE-95B8-95B99532B44F}.Debug|Any CPU.ActiveCfg = Debug|Any CPU
		{EA5A219B-88D4-4AAE-95B8-95B99532B44F}.Debug|Any CPU.Build.0 = Debug|Any CPU
		{EA5A219B-88D4-4AAE-95B8-95B99532B44F}.Release|Any CPU.ActiveCfg = Release|Any CPU
		{EA5A219B-88D4-4AAE-95B8-95B99532B44F}.Release|Any CPU.Build.0 = Release|Any CPU
	EndGlobalSection
	GlobalSection(SolutionProperties) = preSolution
		HideSolutionNode = FALSE
	EndGlobalSection
	GlobalSection(ExtensibilityGlobals) = postSolution
		SolutionGuid = {5C4C156B-52D1-4698-96B4-21691B4B6582}
	EndGlobalSection
EndGlobal
